
Microsoft Visual Studio Solution File, Format Version 12.00
# Visual Studio 15
VisualStudioVersion = 15.0.27703.2026
MinimumVisualStudioVersion = 10.0.40219.1
Project("{FAE04EC0-301F-11D3-BF4B-00C04F79EFBC}") = "MyWebApi", "MyWebApi\MyWebApi.csproj", "{98FD022B-5869-4F23-A905-839DE8C01A02}"
EndProject
Project("{FAE04EC0-301F-11D3-BF4B-00C04F79EFBC}") = "ConsoleAppDemoApi", "ConsoleAppDemoApi\ConsoleAppDemoApi.csproj", "{7C68ED84-B596-406B-8871-9E37FEDA2391}"
EndProject
Project("{FAE04EC0-301F-11D3-BF4B-00C04F79EFBC}") = "WebApi_QuanLyBanHang", "WebApi_QuanLyBanHang\WebApi_QuanLyBanHang.csproj", "{04AA3F9C-7E73-4A7F-A191-8E0658B91802}"
EndProject
Global
	GlobalSection(SolutionConfigurationPlatforms) = preSolution
		Debug|Any CPU = Debug|Any CPU
		Release|Any CPU = Release|Any CPU
	EndGlobalSection
	GlobalSection(ProjectConfigurationPlatforms) = postSolution
		{98FD022B-5869-4F23-A905-839DE8C01A02}.Debug|Any CPU.ActiveCfg = Debug|Any CPU
		{98FD022B-5869-4F23-A905-839DE8C01A02}.Debug|Any CPU.Build.0 = Debug|Any CPU
		{98FD022B-5869-4F23-A905-839DE8C01A02}.Release|Any CPU.ActiveCfg = Release|Any CPU
		{98FD022B-5869-4F23-A905-839DE8C01A02}.Release|Any CPU.Build.0 = Release|Any CPU
		{7C68ED84-B596-406B-8871-9E37FEDA2391}.Debug|Any CPU.ActiveCfg = Debug|Any CPU
		{7C68ED84-B596-406B-8871-9E37FEDA2391}.Debug|Any CPU.Build.0 = Debug|Any CPU
		{7C68ED84-B596-406B-8871-9E37FEDA2391}.Release|Any CPU.ActiveCfg = Release|Any CPU
		{7C68ED84-B596-406B-8871-9E37FEDA2391}.Release|Any CPU.Build.0 = Release|Any CPU
		{04AA3F9C-7E73-4A7F-A191-8E0658B91802}.Debug|Any CPU.ActiveCfg = Debug|Any CPU
		{04AA3F9C-7E73-4A7F-A191-8E0658B91802}.Debug|Any CPU.Build.0 = Debug|Any CPU
		{04AA3F9C-7E73-4A7F-A191-8E0658B91802}.Release|Any CPU.ActiveCfg = Release|Any CPU
		{04AA3F9C-7E73-4A7F-A191-8E0658B91802}.Release|Any CPU.Build.0 = Release|Any CPU
	EndGlobalSection
	GlobalSection(SolutionProperties) = preSolution
		HideSolutionNode = FALSE
	EndGlobalSection
	GlobalSection(ExtensibilityGlobals) = postSolution
		SolutionGuid = {BDA797C6-4037-4E71-A4A2-7E346EBDAC8E}
	EndGlobalSection
EndGlobal
